
Microsoft Visual Studio Solution File, Format Version 12.00
# Visual Studio 15
VisualStudioVersion = 15.0.28307.572
MinimumVisualStudioVersion = 10.0.40219.1
Project("{FAE04EC0-301F-11D3-BF4B-00C04F79EFBC}") = "SolaceTestClient", "src\SolaceTestClient.csproj", "{7027EE11-666F-4EAA-B8DA-404D3335C298}"
EndProject
Global
	GlobalSection(SolutionConfigurationPlatforms) = preSolution
		Debug|Any CPU = Debug|Any CPU
		Release|Any CPU = Release|Any CPU
	EndGlobalSection
	GlobalSection(ProjectConfigurationPlatforms) = postSolution
		{7027EE11-666F-4EAA-B8DA-404D3335C298}.Debug|Any CPU.ActiveCfg = Debug|Any CPU
		{7027EE11-666F-4EAA-B8DA-404D3335C298}.Debug|Any CPU.Build.0 = Debug|Any CPU
		{7027EE11-666F-4EAA-B8DA-404D3335C298}.Release|Any CPU.ActiveCfg = Release|Any CPU
		{7027EE11-666F-4EAA-B8DA-404D3335C298}.Release|Any CPU.Build.0 = Release|Any CPU
	EndGlobalSection
	GlobalSection(SolutionProperties) = preSolution
		HideSolutionNode = FALSE
	EndGlobalSection
	GlobalSection(ExtensibilityGlobals) = postSolution
		SolutionGuid = {B8C0640A-8EC1-41A7-B626-5762F470CFE1}
	EndGlobalSection
EndGlobal
